// !$*UTF8*$!
{
	archiveVersion = 1;
	classes = {
	};
	objectVersion = 77;
	objects = {

/* Begin PBXBuildFile section */
		14E18B022FAB55FD0026F772 /* FirebaseAI in Frameworks */ = {isa = PBXBuildFile; productRef = 14E18B012FAB55FD0026F772 /* FirebaseAI */; };
		14E18B042FAB55FD0026F772 /* FirebaseAILogic in Frameworks */ = {isa = PBXBuildFile; productRef = 14E18B032FAB55FD0026F772 /* FirebaseAILogic */; };
		14E18B062FAB55FD0026F772 /* FirebaseAnalytics in Frameworks */ = {isa = PBXBuildFile; productRef = 14E18B052FAB55FD0026F772 /* FirebaseAnalytics */; };
		14E18B082FAB55FD0026F772 /* FirebaseAnalyticsCore in Frameworks */ = {isa = PBXBuildFile; productRef = 14E18B072FAB55FD0026F772 /* FirebaseAnalyticsCore */; };
		14E18B0A2FAB55FD0026F772 /* FirebaseAnalyticsIdentitySupport in Frameworks */ = {isa = PBXBuildFile; productRef = 14E18B092FAB55FD0026F772 /* FirebaseAnalyticsIdentitySupport */; };
		14E18B0C2FAB55FD0026F772 /* FirebaseAppCheck in Frameworks */ = {isa = PBXBuildFile; productRef = 14E18B0B2FAB55FD0026F772 /* FirebaseAppCheck */; };
		14E18B0E2FAB55FD0026F772 /* FirebaseAppDistribution-Beta in Frameworks */ = {isa = PBXBuildFile; productRef = 14E18B0D2FAB55FD0026F772 /* FirebaseAppDistribution-Beta */; };
		14E18B102FAB55FD0026F772 /* FirebaseAuth in Frameworks */ = {isa = PBXBuildFile; productRef = 14E18B0F2FAB55FD0026F772 /* FirebaseAuth */; };
		14E18B122FAB55FD0026F772 /* FirebaseAuthCombine-Community in Frameworks */ = {isa = PBXBuildFile; productRef = 14E18B112FAB55FD0026F772 /* FirebaseAuthCombine-Community */; };
		14E18B142FAB55FD0026F772 /* FirebaseCore in Frameworks */ = {isa = PBXBuildFile; productRef = 14E18B132FAB55FD0026F772 /* FirebaseCore */; };
		14E18B162FAB55FD0026F772 /* FirebaseCrashlytics in Frameworks */ = {isa = PBXBuildFile; productRef = 14E18B152FAB55FD0026F772 /* FirebaseCrashlytics */; };
		14E18B182FAB55FD0026F772 /* FirebaseDatabase in Frameworks */ = {isa = PBXBuildFile; productRef = 14E18B172FAB55FD0026F772 /* FirebaseDatabase */; };
		14E18B1A2FAB55FD0026F772 /* FirebaseFirestore in Frameworks */ = {isa = PBXBuildFile; productRef = 14E18B192FAB55FD0026F772 /* FirebaseFirestore */; };
		14E18B1C2FAB55FD0026F772 /* FirebaseFirestoreCombine-Community in Frameworks */ = {isa = PBXBuildFile; productRef = 14E18B1B2FAB55FD0026F772 /* FirebaseFirestoreCombine-Community */; };
		14E18B1E2FAB55FD0026F772 /* FirebaseFunctions in Frameworks */ = {isa = PBXBuildFile; productRef = 14E18B1D2FAB55FD0026F772 /* FirebaseFunctions */; };
		14E18B202FAB55FD0026F772 /* FirebaseFunctionsCombine-Community in Frameworks */ = {isa = PBXBuildFile; productRef = 14E18B1F2FAB55FD0026F772 /* FirebaseFunctionsCombine-Community */; };
		14E18B222FAB55FD0026F772 /* FirebaseInAppMessaging-Beta in Frameworks */ = {isa = PBXBuildFile; productRef = 14E18B212FAB55FD0026F772 /* FirebaseInAppMessaging-Beta */; };
		14E18B242FAB55FD0026F772 /* FirebaseInstallations in Frameworks */ = {isa = PBXBuildFile; productRef = 14E18B232FAB55FD0026F772 /* FirebaseInstallations */; };
		14E18B262FAB55FD0026F772 /* FirebaseMLModelDownloader in Frameworks */ = {isa = PBXBuildFile; productRef = 14E18B252FAB55FD0026F772 /* FirebaseMLModelDownloader */; };
		14E18B282FAB55FD0026F772 /* FirebaseMessaging in Frameworks */ = {isa = PBXBuildFile; productRef = 14E18B272FAB55FD0026F772 /* FirebaseMessaging */; };
		14E18B2A2FAB55FD0026F772 /* FirebasePerformance in Frameworks */ = {isa = PBXBuildFile; productRef = 14E18B292FAB55FD0026F772 /* FirebasePerformance */; };
		14E18B2C2FAB55FD0026F772 /* FirebaseRemoteConfig in Frameworks */ = {isa = PBXBuildFile; productRef = 14E18B2B2FAB55FD0026F772 /* FirebaseRemoteConfig */; };
		14E18B2E2FAB55FD0026F772 /* FirebaseStorage in Frameworks */ = {isa = PBXBuildFile; productRef = 14E18B2D2FAB55FD0026F772 /* FirebaseStorage */; };
		14E18B302FAB55FD0026F772 /* FirebaseStorageCombine-Community in Frameworks */ = {isa = PBXBuildFile; productRef = 14E18B2F2FAB55FD0026F772 /* FirebaseStorageCombine-Community */; };
/* End PBXBuildFile section */

/* Begin PBXContainerItemProxy section */
		14C2FFE72FA8C4F000A512AC /* PBXContainerItemProxy */ = {
			isa = PBXContainerItemProxy;
			containerPortal = 14C2FFC52FA8C4EF00A512AC /* Project object */;
			proxyType = 1;
			remoteGlobalIDString = 14C2FFCC2FA8C4EF00A512AC;
			remoteInfo = "Pharma Education";
		};
		14C2FFF12FA8C4F000A512AC /* PBXContainerItemProxy */ = {
			isa = PBXContainerItemProxy;
			containerPortal = 14C2FFC52FA8C4EF00A512AC /* Project object */;
			proxyType = 1;
			remoteGlobalIDString = 14C2FFCC2FA8C4EF00A512AC;
			remoteInfo = "Pharma Education";
		};
/* End PBXContainerItemProxy section */

/* Begin PBXFileReference section */
		14C2FFCD2FA8C4EF00A512AC /* Pharma Education.app */ = {isa = PBXFileReference; explicitFileType = wrapper.application; includeInIndex = 0; path = "Pharma Education.app"; sourceTree = BUILT_PRODUCTS_DIR; };
		14C2FFE62FA8C4F000A512AC /* Pharma EducationTests.xctest */ = {isa = PBXFileReference; explicitFileType = wrapper.cfbundle; includeInIndex = 0; path = "Pharma EducationTests.xctest"; sourceTree = BUILT_PRODUCTS_DIR; };
		14C2FFF02FA8C4F000A512AC /* Pharma EducationUITests.xctest */ = {isa = PBXFileReference; explicitFileType = wrapper.cfbundle; includeInIndex = 0; path = "Pharma EducationUITests.xctest"; sourceTree = BUILT_PRODUCTS_DIR; };
/* End PBXFileReference section */

/* Begin PBXFileSystemSynchronizedBuildFileExceptionSet section */
		14C2FFF82FA8C4F000A512AC /* Exceptions for "Pharma Education" folder in "Pharma Education" target */ = {
			isa = PBXFileSystemSynchronizedBuildFileExceptionSet;
			membershipExceptions = (
				Resources/Info.plist,
			);
			target = 14C2FFCC2FA8C4EF00A512AC /* Pharma Education */;
		};
/* End PBXFileSystemSynchronizedBuildFileExceptionSet section */

/* Begin PBXFileSystemSynchronizedRootGroup section */
		14C2FFCF2FA8C4EF00A512AC /* Pharma Education */ = {
			isa = PBXFileSystemSynchronizedRootGroup;
			exceptions = (
				14C2FFF82FA8C4F000A512AC /* Exceptions for "Pharma Education" folder in "Pharma Education" target */,
			);
			path = "Pharma Education";
			sourceTree = "<group>";
		};
		14C2FFE92FA8C4F000A512AC /* Pharma EducationTests */ = {
			isa = PBXFileSystemSynchronizedRootGroup;
			path = "Pharma EducationTests";
			sourceTree = "<group>";
		};
		14C2FFF32FA8C4F000A512AC /* Pharma EducationUITests */ = {
			isa = PBXFileSystemSynchronizedRootGroup;
			path = "Pharma EducationUITests";
			sourceTree = "<group>";
		};
/* End PBXFileSystemSynchronizedRootGroup section */

/* Begin PBXFrameworksBuildPhase section */
		14C2FFCA2FA8C4EF00A512AC /* Frameworks */ = {
			isa = PBXFrameworksBuildPhase;
			buildActionMask = 2147483647;
			files = (
				14E18B0E2FAB55FD0026F772 /* FirebaseAppDistribution-Beta in Frameworks */,
				14E18B1A2FAB55FD0026F772 /* FirebaseFirestore in Frameworks */,
				14E18B122FAB55FD0026F772 /* FirebaseAuthCombine-Community in Frameworks */,
				14E18B242FAB55FD0026F772 /* FirebaseInstallations in Frameworks */,
				14E18B042FAB55FD0026F772 /* FirebaseAILogic in Frameworks */,
				14E18B0A2FAB55FD0026F772 /* FirebaseAnalyticsIdentitySupport in Frameworks */,
				14E18B222FAB55FD0026F772 /* FirebaseInAppMessaging-Beta in Frameworks */,
				14E18B022FAB55FD0026F772 /* FirebaseAI in Frameworks */,
				14E18B162FAB55FD0026F772 /* FirebaseCrashlytics in Frameworks */,
				14E18B202FAB55FD0026F772 /* FirebaseFunctionsCombine-Community in Frameworks */,
				14E18B302FAB55FD0026F772 /* FirebaseStorageCombine-Community in Frameworks */,
				14E18B182FAB55FD0026F772 /* FirebaseDatabase in Frameworks */,
				14E18B2E2FAB55FD0026F772 /* FirebaseStorage in Frameworks */,
				14E18B2C2FAB55FD0026F772 /* FirebaseRemoteConfig in Frameworks */,
				14E18B062FAB55FD0026F772 /* FirebaseAnalytics in Frameworks */,
				14E18B282FAB55FD0026F772 /* FirebaseMessaging in Frameworks */,
				14E18B262FAB55FD0026F772 /* FirebaseMLModelDownloader in Frameworks */,
				14E18B2A2FAB55FD0026F772 /* FirebasePerformance in Frameworks */,
				14E18B142FAB55FD0026F772 /* FirebaseCore in Frameworks */,
				14E18B0C2FAB55FD0026F772 /* FirebaseAppCheck in Frameworks */,
				14E18B082FAB55FD0026F772 /* FirebaseAnalyticsCore in Frameworks */,
				14E18B1E2FAB55FD0026F772 /* FirebaseFunctions in Frameworks */,
				14E18B102FAB55FD0026F772 /* FirebaseAuth in Frameworks */,
				14E18B1C2FAB55FD0026F772 /* FirebaseFirestoreCombine-Community in Frameworks */,
			);
			runOnlyForDeploymentPostprocessing = 0;
		};
		14C2FFE32FA8C4F000A512AC /* Frameworks */ = {
			isa = PBXFrameworksBuildPhase;
			buildActionMask = 2147483647;
			files = (
			);
			runOnlyForDeploymentPostprocessing = 0;
		};
		14C2FFED2FA8C4F000A512AC /* Frameworks */ = {
			isa = PBXFrameworksBuildPhase;
			buildActionMask = 2147483647;
			files = (
			);
			runOnlyForDeploymentPostprocessing = 0;
		};
/* End PBXFrameworksBuildPhase section */

/* Begin PBXGroup section */
		14C2FFC42FA8C4EF00A512AC = {
			isa = PBXGroup;
			children = (
				14C2FFCF2FA8C4EF00A512AC /* Pharma Education */,
				14C2FFE92FA8C4F000A512AC /* Pharma EducationTests */,
				14C2FFF32FA8C4F000A512AC /* Pharma EducationUITests */,
				14C2FFCE2FA8C4EF00A512AC /* Products */,
			);
			sourceTree = "<group>";
		};
		14C2FFCE2FA8C4EF00A512AC /* Products */ = {
			isa = PBXGroup;
			children = (
				14C2FFCD2FA8C4EF00A512AC /* Pharma Education.app */,
				14C2FFE62FA8C4F000A512AC /* Pharma EducationTests.xctest */,
				14C2FFF02FA8C4F000A512AC /* Pharma EducationUITests.xctest */,
			);
			name = Products;
			sourceTree = "<group>";
		};
/* End PBXGroup section */

/* Begin PBXNativeTarget section */
		14C2FFCC2FA8C4EF00A512AC /* Pharma Education */ = {
			isa = PBXNativeTarget;
			buildConfigurationList = 14C2FFF92FA8C4F000A512AC /* Build configuration list for PBXNativeTarget "Pharma Education" */;
			buildPhases = (
				14C2FFC92FA8C4EF00A512AC /* Sources */,
				14C2FFCA2FA8C4EF00A512AC /* Frameworks */,
				14C2FFCB2FA8C4EF00A512AC /* Resources */,
			);
			buildRules = (
			);
			dependencies = (
			);
			fileSystemSynchronizedGroups = (
				14C2FFCF2FA8C4EF00A512AC /* Pharma Education */,
			);
			name = "Pharma Education";
			packageProductDependencies = (
				14E18B012FAB55FD0026F772 /* FirebaseAI */,
				14E18B032FAB55FD0026F772 /* FirebaseAILogic */,
				14E18B052FAB55FD0026F772 /* FirebaseAnalytics */,
				14E18B072FAB55FD0026F772 /* FirebaseAnalyticsCore */,
				14E18B092FAB55FD0026F772 /* FirebaseAnalyticsIdentitySupport */,
				14E18B0B2FAB55FD0026F772 /* FirebaseAppCheck */,
				14E18B0D2FAB55FD0026F772 /* FirebaseAppDistribution-Beta */,
				14E18B0F2FAB55FD0026F772 /* FirebaseAuth */,
				14E18B112FAB55FD0026F772 /* FirebaseAuthCombine-Community */,
				14E18B132FAB55FD0026F772 /* FirebaseCore */,
				14E18B152FAB55FD0026F772 /* FirebaseCrashlytics */,
				14E18B172FAB55FD0026F772 /* FirebaseDatabase */,
				14E18B192FAB55FD0026F772 /* FirebaseFirestore */,
				14E18B1B2FAB55FD0026F772 /* FirebaseFirestoreCombine-Community */,
				14E18B1D2FAB55FD0026F772 /* FirebaseFunctions */,
				14E18B1F2FAB55FD0026F772 /* FirebaseFunctionsCombine-Community */,
				14E18B212FAB55FD0026F772 /* FirebaseInAppMessaging-Beta */,
				14E18B232FAB55FD0026F772 /* FirebaseInstallations */,
				14E18B252FAB55FD0026F772 /* FirebaseMLModelDownloader */,
				14E18B272FAB55FD0026F772 /* FirebaseMessaging */,
				14E18B292FAB55FD0026F772 /* FirebasePerformance */,
				14E18B2B2FAB55FD0026F772 /* FirebaseRemoteConfig */,
				14E18B2D2FAB55FD0026F772 /* FirebaseStorage */,
				14E18B2F2FAB55FD0026F772 /* FirebaseStorageCombine-Community */,
			);
			productName = "Pharma Education";
			productReference = 14C2FFCD2FA8C4EF00A512AC /* Pharma Education.app */;
			productType = "com.apple.product-type.application";
		};
		14C2FFE52FA8C4F000A512AC /* Pharma EducationTests */ = {
			isa = PBXNativeTarget;
			buildConfigurationList = 14C2FFFE2FA8C4F000A512AC /* Build configuration list for PBXNativeTarget "Pharma EducationTests" */;
			buildPhases = (
				14C2FFE22FA8C4F000A512AC /* Sources */,
				14C2FFE32FA8C4F000A512AC /* Frameworks */,
				14C2FFE42FA8C4F000A512AC /* Resources */,
			);
			buildRules = (
			);
			dependencies = (
				14C2FFE82FA8C4F000A512AC /* PBXTargetDependency */,
			);
			fileSystemSynchronizedGroups = (
				14C2FFE92FA8C4F000A512AC /* Pharma EducationTests */,
			);
			name = "Pharma EducationTests";
			packageProductDependencies = (
			);
			productName = "Pharma EducationTests";
			productReference = 14C2FFE62FA8C4F000A512AC /* Pharma EducationTests.xctest */;
			productType = "com.apple.product-type.bundle.unit-test";
		};
		14C2FFEF2FA8C4F000A512AC /* Pharma EducationUITests */ = {
			isa = PBXNativeTarget;
			buildConfigurationList = 14C200012FA8C4F000A512AC /* Build configuration list for PBXNativeTarget "Pharma EducationUITests" */;
			buildPhases = (
				14C2FFEC2FA8C4F000A512AC /* Sources */,
				14C2FFED2FA8C4F000A512AC /* Frameworks */,
				14C2FFEE2FA8C4F000A512AC /* Resources */,
			);
			buildRules = (
			);
			dependencies = (
				14C2FFF22FA8C4F000A512AC /* PBXTargetDependency */,
			);
			fileSystemSynchronizedGroups = (
				14C2FFF32FA8C4F000A512AC /* Pharma EducationUITests */,
			);
			name = "Pharma EducationUITests";
			packageProductDependencies = (
			);
			productName = "Pharma EducationUITests";
			productReference = 14C2FFF02FA8C4F000A512AC /* Pharma EducationUITests.xctest */;
			productType = "com.apple.product-type.bundle.ui-testing";
		};
/* End PBXNativeTarget section */

/* Begin PBXProject section */
		14C2FFC52FA8C4EF00A512AC /* Project object */ = {
			isa = PBXProject;
			attributes = {
				BuildIndependentTargetsInParallel = 1;
				LastSwiftUpdateCheck = 2640;
				LastUpgradeCheck = 2640;
				TargetAttributes = {
					14C2FFCC2FA8C4EF00A512AC = {
						CreatedOnToolsVersion = 26.4.1;
					};
					14C2FFE52FA8C4F000A512AC = {
						CreatedOnToolsVersion = 26.4.1;
						TestTargetID = 14C2FFCC2FA8C4EF00A512AC;
					};
					14C2FFEF2FA8C4F000A512AC = {
						CreatedOnToolsVersion = 26.4.1;
						TestTargetID = 14C2FFCC2FA8C4EF00A512AC;
					};
				};
			};
			buildConfigurationList = 14C2FFC82FA8C4EF00A512AC /* Build configuration list for PBXProject "Pharma Education" */;
			developmentRegion = en;
			hasScannedForEncodings = 0;
			knownRegions = (
				en,
				Base,
			);
			mainGroup = 14C2FFC42FA8C4EF00A512AC;
			minimizedProjectReferenceProxies = 1;
			packageReferences = (
				14E18B002FAB55FD0026F772 /* XCRemoteSwiftPackageReference "firebase-ios-sdk" */,
			);
			preferredProjectObjectVersion = 77;
			productRefGroup = 14C2FFCE2FA8C4EF00A512AC /* Products */;
			projectDirPath = "";
			projectRoot = "";
			targets = (
				14C2FFCC2FA8C4EF00A512AC /* Pharma Education */,
				14C2FFE52FA8C4F000A512AC /* Pharma EducationTests */,
				14C2FFEF2FA8C4F000A512AC /* Pharma EducationUITests */,
			);
		};
/* End PBXProject section */

/* Begin PBXResourcesBuildPhase section */
		14C2FFCB2FA8C4EF00A512AC /* Resources */ = {
			isa = PBXResourcesBuildPhase;
			buildActionMask = 2147483647;
			files = (
			);
			runOnlyForDeploymentPostprocessing = 0;
		};
		14C2FFE42FA8C4F000A512AC /* Resources */ = {
			isa = PBXResourcesBuildPhase;
			buildActionMask = 2147483647;
			files = (
			);
			runOnlyForDeploymentPostprocessing = 0;
		};
		14C2FFEE2FA8C4F000A512AC /* Resources */ = {
			isa = PBXResourcesBuildPhase;
			buildActionMask = 2147483647;
			files = (
			);
			runOnlyForDeploymentPostprocessing = 0;
		};
/* End PBXResourcesBuildPhase section */

/* Begin PBXSourcesBuildPhase section */
		14C2FFC92FA8C4EF00A512AC /* Sources */ = {
			isa = PBXSourcesBuildPhase;
			buildActionMask = 2147483647;
			files = (
			);
			runOnlyForDeploymentPostprocessing = 0;
		};
		14C2FFE22FA8C4F000A512AC /* Sources */ = {
			isa = PBXSourcesBuildPhase;
			buildActionMask = 2147483647;
			files = (
			);
			runOnlyForDeploymentPostprocessing = 0;
		};
		14C2FFEC2FA8C4F000A512AC /* Sources */ = {
			isa = PBXSourcesBuildPhase;
			buildActionMask = 2147483647;
			files = (
			);
			runOnlyForDeploymentPostprocessing = 0;
		};
/* End PBXSourcesBuildPhase section */

/* Begin PBXTargetDependency section */
		14C2FFE82FA8C4F000A512AC /* PBXTargetDependency */ = {
			isa = PBXTargetDependency;
			target = 14C2FFCC2FA8C4EF00A512AC /* Pharma Education */;
			targetProxy = 14C2FFE72FA8C4F000A512AC /* PBXContainerItemProxy */;
		};
		14C2FFF22FA8C4F000A512AC /* PBXTargetDependency */ = {
			isa = PBXTargetDependency;
			target = 14C2FFCC2FA8C4EF00A512AC /* Pharma Education */;
			targetProxy = 14C2FFF12FA8C4F000A512AC /* PBXContainerItemProxy */;
		};
/* End PBXTargetDependency section */

/* Begin XCBuildConfiguration section */
		14C200002FA8C4F000A512AC /* Release */ = {
			isa = XCBuildConfiguration;
			buildSettings = {
				BUNDLE_LOADER = "$(TEST_HOST)";
				CODE_SIGN_STYLE = Automatic;
				CURRENT_PROJECT_VERSION = 1;
				GENERATE_INFOPLIST_FILE = YES;
				IPHONEOS_DEPLOYMENT_TARGET = 26.4;
				MARKETING_VERSION = 1.0;
				PRODUCT_BUNDLE_IDENTIFIER = "com.example.Pharma-EducationTests";
				PRODUCT_NAME = "$(TARGET_NAME)";
				STRING_CATALOG_GENERATE_SYMBOLS = NO;
				SWIFT_APPROACHABLE_CONCURRENCY = YES;
				SWIFT_EMIT_LOC_STRINGS = NO;
				SWIFT_UPCOMING_FEATURE_MEMBER_IMPORT_VISIBILITY = YES;
				SWIFT_VERSION = 5.0;
				TARGETED_DEVICE_FAMILY = "1,2";
				TEST_HOST = "$(BUILT_PRODUCTS_DIR)/Pharma Education.app/$(BUNDLE_EXECUTABLE_FOLDER_PATH)/Pharma Education";
			};
			name = Release;
		};
		14C200022FA8C4F000A512AC /* Debug */ = {
			isa = XCBuildConfiguration;
			buildSettings = {
				CODE_SIGN_STYLE = Automatic;
				CURRENT_PROJECT_VERSION = 1;
				GENERATE_INFOPLIST_FILE = YES;
				MARKETING_VERSION = 1.0;
				PRODUCT_BUNDLE_IDENTIFIER = "com.example.Pharma-EducationUITests";
				PRODUCT_NAME = "$(TARGET_NAME)";
				STRING_CATALOG_GENERATE_SYMBOLS = NO;
				SWIFT_APPROACHABLE_CONCURRENCY = YES;
				SWIFT_EMIT_LOC_STRINGS = NO;
				SWIFT_UPCOMING_FEATURE_MEMBER_IMPORT_VISIBILITY = YES;
				SWIFT_VERSION = 5.0;
				TARGETED_DEVICE_FAMILY = "1,2";
				TEST_TARGET_NAME = "Pharma Education";
			};
			name = Debug;
		};
		14C200032FA8C4F000A512AC /* Release */ = {
			isa = XCBuildConfiguration;
			buildSettings = {
				CODE_SIGN_STYLE = Automatic;
				CURRENT_PROJECT_VERSION = 1;
				GENERATE_INFOPLIST_FILE = YES;
				MARKETING_VERSION = 1.0;
				PRODUCT_BUNDLE_IDENTIFIER = "com.example.Pharma-EducationUITests";
				PRODUCT_NAME = "$(TARGET_NAME)";
				STRING_CATALOG_GENERATE_SYMBOLS = NO;
				SWIFT_APPROACHABLE_CONCURRENCY = YES;
				SWIFT_EMIT_LOC_STRINGS = NO;
				SWIFT_UPCOMING_FEATURE_MEMBER_IMPORT_VISIBILITY = YES;
				SWIFT_VERSION = 5.0;
				TARGETED_DEVICE_FAMILY = "1,2";
				TEST_TARGET_NAME = "Pharma Education";
			};
			name = Release;
		};
		14C2FFFA2FA8C4F000A512AC /* Debug */ = {
			isa = XCBuildConfiguration;
			buildSettings = {
				ASSETCATALOG_COMPILER_APPICON_NAME = AppIcon;
				ASSETCATALOG_COMPILER_GLOBAL_ACCENT_COLOR_NAME = AccentColor;
				CODE_SIGN_STYLE = Automatic;
				CURRENT_PROJECT_VERSION = 1;
				GENERATE_INFOPLIST_FILE = YES;
				INFOPLIST_FILE = "Pharma Education/Resources/Info.plist";
				INFOPLIST_KEY_UIApplicationSupportsIndirectInputEvents = YES;
				INFOPLIST_KEY_UILaunchStoryboardName = LaunchScreen;
				INFOPLIST_KEY_UISupportedInterfaceOrientations_iPad = "UIInterfaceOrientationPortrait UIInterfaceOrientationPortraitUpsideDown UIInterfaceOrientationLandscapeLeft UIInterfaceOrientationLandscapeRight";
				INFOPLIST_KEY_UISupportedInterfaceOrientations_iPhone = "UIInterfaceOrientationPortrait UIInterfaceOrientationLandscapeLeft UIInterfaceOrientationLandscapeRight";
				LD_RUNPATH_SEARCH_PATHS = (
					"$(inherited)",
					"@executable_path/Frameworks",
				);
				MARKETING_VERSION = 1.0;
				PRODUCT_BUNDLE_IDENTIFIER = "com.example.Pharma-Education";
				PRODUCT_NAME = "$(TARGET_NAME)";
				STRING_CATALOG_GENERATE_SYMBOLS = YES;
				SWIFT_APPROACHABLE_CONCURRENCY = YES;
				SWIFT_DEFAULT_ACTOR_ISOLATION = MainActor;
				SWIFT_EMIT_LOC_STRINGS = YES;
				SWIFT_UPCOMING_FEATURE_MEMBER_IMPORT_VISIBILITY = YES;
				SWIFT_VERSION = 5.0;
				TARGETED_DEVICE_FAMILY = "1,2";
			};
			name = Debug;
		};
		14C2FFFB2FA8C4F000A512AC /* Release */ = {
			isa = XCBuildConfiguration;
			buildSettings = {
				ASSETCATALOG_COMPILER_APPICON_NAME = AppIcon;
				ASSETCATALOG_COMPILER_GLOBAL_ACCENT_COLOR_NAME = AccentColor;
				CODE_SIGN_STYLE = Automatic;
				CURRENT_PROJECT_VERSION = 1;
				GENERATE_INFOPLIST_FILE = YES;
				INFOPLIST_FILE = "Pharma Education/Resources/Info.plist";
				INFOPLIST_KEY_UIApplicationSupportsIndirectInputEvents = YES;
				INFOPLIST_KEY_UILaunchStoryboardName = LaunchScreen;
				INFOPLIST_KEY_UISupportedInterfaceOrientations_iPad = "UIInterfaceOrientationPortrait UIInterfaceOrientationPortraitUpsideDown UIInterfaceOrientationLandscapeLeft UIInterfaceOrientationLandscapeRight";
				INFOPLIST_KEY_UISupportedInterfaceOrientations_iPhone = "UIInterfaceOrientationPortrait UIInterfaceOrientationLandscapeLeft UIInterfaceOrientationLandscapeRight";
				LD_RUNPATH_SEARCH_PATHS = (
					"$(inherited)",
					"@executable_path/Frameworks",
				);
				MARKETING_VERSION = 1.0;
				PRODUCT_BUNDLE_IDENTIFIER = "com.example.Pharma-Education";
				PRODUCT_NAME = "$(TARGET_NAME)";
				STRING_CATALOG_GENERATE_SYMBOLS = YES;
				SWIFT_APPROACHABLE_CONCURRENCY = YES;
				SWIFT_DEFAULT_ACTOR_ISOLATION = MainActor;
				SWIFT_EMIT_LOC_STRINGS = YES;
				SWIFT_UPCOMING_FEATURE_MEMBER_IMPORT_VISIBILITY = YES;
				SWIFT_VERSION = 5.0;
				TARGETED_DEVICE_FAMILY = "1,2";
			};
			name = Release;
		};
		14C2FFFC2FA8C4F000A512AC /* Debug */ = {
			isa = XCBuildConfiguration;
			buildSettings = {
				ALWAYS_SEARCH_USER_PATHS = NO;
				ASSETCATALOG_COMPILER_GENERATE_SWIFT_ASSET_SYMBOL_EXTENSIONS = YES;
				CLANG_ANALYZER_NONNULL = YES;
				CLANG_ANALYZER_NUMBER_OBJECT_CONVERSION = YES_AGGRESSIVE;
				CLANG_CXX_LANGUAGE_STANDARD = "gnu++20";
				CLANG_ENABLE_MODULES = YES;
				CLANG_ENABLE_OBJC_ARC = YES;
				CLANG_ENABLE_OBJC_WEAK = YES;
				CLANG_WARN_BLOCK_CAPTURE_AUTORELEASING = YES;
				CLANG_WARN_BOOL_CONVERSION = YES;
				CLANG_WARN_COMMA = YES;
				CLANG_WARN_CONSTANT_CONVERSION = YES;
				CLANG_WARN_DEPRECATED_OBJC_IMPLEMENTATIONS = YES;
				CLANG_WARN_DIRECT_OBJC_ISA_USAGE = YES_ERROR;
				CLANG_WARN_DOCUMENTATION_COMMENTS = YES;
				CLANG_WARN_EMPTY_BODY = YES;
				CLANG_WARN_ENUM_CONVERSION = YES;
				CLANG_WARN_INFINITE_RECURSION = YES;
				CLANG_WARN_INT_CONVERSION = YES;
				CLANG_WARN_NON_LITERAL_NULL_CONVERSION = YES;
				CLANG_WARN_OBJC_IMPLICIT_RETAIN_SELF = YES;
				CLANG_WARN_OBJC_LITERAL_CONVERSION = YES;
				CLANG_WARN_OBJC_ROOT_CLASS = YES_ERROR;
				CLANG_WARN_QUOTED_INCLUDE_IN_FRAMEWORK_HEADER = YES;
				CLANG_WARN_RANGE_LOOP_ANALYSIS = YES;
				CLANG_WARN_STRICT_PROTOTYPES = YES;
				CLANG_WARN_SUSPICIOUS_MOVE = YES;
				CLANG_WARN_UNGUARDED_AVAILABILITY = YES_AGGRESSIVE;
				CLANG_WARN_UNREACHABLE_CODE = YES;
				CLANG_WARN__DUPLICATE_METHOD_MATCH = YES;
				COPY_PHASE_STRIP = NO;
				DEBUG_INFORMATION_FORMAT = dwarf;
				ENABLE_STRICT_OBJC_MSGSEND = YES;
				ENABLE_TESTABILITY = YES;
				ENABLE_USER_SCRIPT_SANDBOXING = YES;
				GCC_C_LANGUAGE_STANDARD = gnu17;
				GCC_DYNAMIC_NO_PIC = NO;
				GCC_NO_COMMON_BLOCKS = YES;
				GCC_OPTIMIZATION_LEVEL = 0;
				GCC_PREPROCESSOR_DEFINITIONS = (
					"DEBUG=1",
					"$(inherited)",
				);
				GCC_WARN_64_TO_32_BIT_CONVERSION = YES;
				GCC_WARN_ABOUT_RETURN_TYPE = YES_ERROR;
				GCC_WARN_UNDECLARED_SELECTOR = YES;
				GCC_WARN_UNINITIALIZED_AUTOS = YES_AGGRESSIVE;
				GCC_WARN_UNUSED_FUNCTION = YES;
				GCC_WARN_UNUSED_VARIABLE = YES;
				IPHONEOS_DEPLOYMENT_TARGET = 26.4;
				LOCALIZATION_PREFERS_STRING_CATALOGS = YES;
				MTL_ENABLE_DEBUG_INFO = INCLUDE_SOURCE;
				MTL_FAST_MATH = YES;
				ONLY_ACTIVE_ARCH = YES;
				SDKROOT = iphoneos;
				SWIFT_ACTIVE_COMPILATION_CONDITIONS = "DEBUG $(inherited)";
				SWIFT_OPTIMIZATION_LEVEL = "-Onone";
			};
			name = Debug;
		};
		14C2FFFD2FA8C4F000A512AC /* Release */ = {
			isa = XCBuildConfiguration;
			buildSettings = {
				ALWAYS_SEARCH_USER_PATHS = NO;
				ASSETCATALOG_COMPILER_GENERATE_SWIFT_ASSET_SYMBOL_EXTENSIONS = YES;
				CLANG_ANALYZER_NONNULL = YES;
				CLANG_ANALYZER_NUMBER_OBJECT_CONVERSION = YES_AGGRESSIVE;
				CLANG_CXX_LANGUAGE_STANDARD = "gnu++20";
				CLANG_ENABLE_MODULES = YES;
				CLANG_ENABLE_OBJC_ARC = YES;
				CLANG_ENABLE_OBJC_WEAK = YES;
				CLANG_WARN_BLOCK_CAPTURE_AUTORELEASING = YES;
				CLANG_WARN_BOOL_CONVERSION = YES;
				CLANG_WARN_COMMA = YES;
				CLANG_WARN_CONSTANT_CONVERSION = YES;
				CLANG_WARN_DEPRECATED_OBJC_IMPLEMENTATIONS = YES;
				CLANG_WARN_DIRECT_OBJC_ISA_USAGE = YES_ERROR;
				CLANG_WARN_DOCUMENTATION_COMMENTS = YES;
				CLANG_WARN_EMPTY_BODY = YES;
				CLANG_WARN_ENUM_CONVERSION = YES;
				CLANG_WARN_INFINITE_RECURSION = YES;
				CLANG_WARN_INT_CONVERSION = YES;
				CLANG_WARN_NON_LITERAL_NULL_CONVERSION = YES;
				CLANG_WARN_OBJC_IMPLICIT_RETAIN_SELF = YES;
				CLANG_WARN_OBJC_LITERAL_CONVERSION = YES;
				CLANG_WARN_OBJC_ROOT_CLASS = YES_ERROR;
				CLANG_WARN_QUOTED_INCLUDE_IN_FRAMEWORK_HEADER = YES;
				CLANG_WARN_RANGE_LOOP_ANALYSIS = YES;
				CLANG_WARN_STRICT_PROTOTYPES = YES;
				CLANG_WARN_SUSPICIOUS_MOVE = YES;
				CLANG_WARN_UNGUARDED_AVAILABILITY = YES_AGGRESSIVE;
				CLANG_WARN_UNREACHABLE_CODE = YES;
				CLANG_WARN__DUPLICATE_METHOD_MATCH = YES;
				COPY_PHASE_STRIP = NO;
				DEBUG_INFORMATION_FORMAT = "dwarf-with-dsym";
				ENABLE_NS_ASSERTIONS = NO;
				ENABLE_STRICT_OBJC_MSGSEND = YES;
				ENABLE_USER_SCRIPT_SANDBOXING = YES;
				GCC_C_LANGUAGE_STANDARD = gnu17;
				GCC_NO_COMMON_BLOCKS = YES;
				GCC_WARN_64_TO_32_BIT_CONVERSION = YES;
				GCC_WARN_ABOUT_RETURN_TYPE = YES_ERROR;
				GCC_WARN_UNDECLARED_SELECTOR = YES;
				GCC_WARN_UNINITIALIZED_AUTOS = YES_AGGRESSIVE;
				GCC_WARN_UNUSED_FUNCTION = YES;
				GCC_WARN_UNUSED_VARIABLE = YES;
				IPHONEOS_DEPLOYMENT_TARGET = 26.4;
				LOCALIZATION_PREFERS_STRING_CATALOGS = YES;
				MTL_ENABLE_DEBUG_INFO = NO;
				MTL_FAST_MATH = YES;
				SDKROOT = iphoneos;
				SWIFT_COMPILATION_MODE = wholemodule;
				VALIDATE_PRODUCT = YES;
			};
			name = Release;
		};
		14C2FFFF2FA8C4F000A512AC /* Debug */ = {
			isa = XCBuildConfiguration;
			buildSettings = {
				BUNDLE_LOADER = "$(TEST_HOST)";
				CODE_SIGN_STYLE = Automatic;
				CURRENT_PROJECT_VERSION = 1;
				GENERATE_INFOPLIST_FILE = YES;
				IPHONEOS_DEPLOYMENT_TARGET = 26.4;
				MARKETING_VERSION = 1.0;
				PRODUCT_BUNDLE_IDENTIFIER = "com.example.Pharma-EducationTests";
				PRODUCT_NAME = "$(TARGET_NAME)";
				STRING_CATALOG_GENERATE_SYMBOLS = NO;
				SWIFT_APPROACHABLE_CONCURRENCY = YES;
				SWIFT_EMIT_LOC_STRINGS = NO;
				SWIFT_UPCOMING_FEATURE_MEMBER_IMPORT_VISIBILITY = YES;
				SWIFT_VERSION = 5.0;
				TARGETED_DEVICE_FAMILY = "1,2";
				TEST_HOST = "$(BUILT_PRODUCTS_DIR)/Pharma Education.app/$(BUNDLE_EXECUTABLE_FOLDER_PATH)/Pharma Education";
			};
			name = Debug;
		};
/* End XCBuildConfiguration section */

/* Begin XCConfigurationList section */
		14C200012FA8C4F000A512AC /* Build configuration list for PBXNativeTarget "Pharma EducationUITests" */ = {
			isa = XCConfigurationList;
			buildConfigurations = (
				14C200022FA8C4F000A512AC /* Debug */,
				14C200032FA8C4F000A512AC /* Release */,
			);
			defaultConfigurationIsVisible = 0;
			defaultConfigurationName = Release;
		};
		14C2FFC82FA8C4EF00A512AC /* Build configuration list for PBXProject "Pharma Education" */ = {
			isa = XCConfigurationList;
			buildConfigurations = (
				14C2FFFC2FA8C4F000A512AC /* Debug */,
				14C2FFFD2FA8C4F000A512AC /* Release */,
			);
			defaultConfigurationIsVisible = 0;
			defaultConfigurationName = Release;
		};
		14C2FFF92FA8C4F000A512AC /* Build configuration list for PBXNativeTarget "Pharma Education" */ = {
			isa = XCConfigurationList;
			buildConfigurations = (
				14C2FFFA2FA8C4F000A512AC /* Debug */,
				14C2FFFB2FA8C4F000A512AC /* Release */,
			);
			defaultConfigurationIsVisible = 0;
			defaultConfigurationName = Release;
		};
		14C2FFFE2FA8C4F000A512AC /* Build configuration list for PBXNativeTarget "Pharma EducationTests" */ = {
			isa = XCConfigurationList;
			buildConfigurations = (
				14C2FFFF2FA8C4F000A512AC /* Debug */,
				14C200002FA8C4F000A512AC /* Release */,
			);
			defaultConfigurationIsVisible = 0;
			defaultConfigurationName = Release;
		};
/* End XCConfigurationList section */

/* Begin XCRemoteSwiftPackageReference section */
		14E18B002FAB55FD0026F772 /* XCRemoteSwiftPackageReference "firebase-ios-sdk" */ = {
			isa = XCRemoteSwiftPackageReference;
			repositoryURL = "https://github.com/firebase/firebase-ios-sdk.git";
			requirement = {
				kind = upToNextMajorVersion;
				minimumVersion = 12.13.0;
			};
		};
/* End XCRemoteSwiftPackageReference section */

/* Begin XCSwiftPackageProductDependency section */
		14E18B012FAB55FD0026F772 /* FirebaseAI */ = {
			isa = XCSwiftPackageProductDependency;
			package = 14E18B002FAB55FD0026F772 /* XCRemoteSwiftPackageReference "firebase-ios-sdk" */;
			productName = FirebaseAI;
		};
		14E18B032FAB55FD0026F772 /* FirebaseAILogic */ = {
			isa = XCSwiftPackageProductDependency;
			package = 14E18B002FAB55FD0026F772 /* XCRemoteSwiftPackageReference "firebase-ios-sdk" */;
			productName = FirebaseAILogic;
		};
		14E18B052FAB55FD0026F772 /* FirebaseAnalytics */ = {
			isa = XCSwiftPackageProductDependency;
			package = 14E18B002FAB55FD0026F772 /* XCRemoteSwiftPackageReference "firebase-ios-sdk" */;
			productName = FirebaseAnalytics;
		};
		14E18B072FAB55FD0026F772 /* FirebaseAnalyticsCore */ = {
			isa = XCSwiftPackageProductDependency;
			package = 14E18B002FAB55FD0026F772 /* XCRemoteSwiftPackageReference "firebase-ios-sdk" */;
			productName = FirebaseAnalyticsCore;
		};
		14E18B092FAB55FD0026F772 /* FirebaseAnalyticsIdentitySupport */ = {
			isa = XCSwiftPackageProductDependency;
			package = 14E18B002FAB55FD0026F772 /* XCRemoteSwiftPackageReference "firebase-ios-sdk" */;
			productName = FirebaseAnalyticsIdentitySupport;
		};
		14E18B0B2FAB55FD0026F772 /* FirebaseAppCheck */ = {
			isa = XCSwiftPackageProductDependency;
			package = 14E18B002FAB55FD0026F772 /* XCRemoteSwiftPackageReference "firebase-ios-sdk" */;
			productName = FirebaseAppCheck;
		};
		14E18B0D2FAB55FD0026F772 /* FirebaseAppDistribution-Beta */ = {
			isa = XCSwiftPackageProductDependency;
			package = 14E18B002FAB55FD0026F772 /* XCRemoteSwiftPackageReference "firebase-ios-sdk" */;
			productName = "FirebaseAppDistribution-Beta";
		};
		14E18B0F2FAB55FD0026F772 /* FirebaseAuth */ = {
			isa = XCSwiftPackageProductDependency;
			package = 14E18B002FAB55FD0026F772 /* XCRemoteSwiftPackageReference "firebase-ios-sdk" */;
			productName = FirebaseAuth;
		};
		14E18B112FAB55FD0026F772 /* FirebaseAuthCombine-Community */ = {
			isa = XCSwiftPackageProductDependency;
			package = 14E18B002FAB55FD0026F772 /* XCRemoteSwiftPackageReference "firebase-ios-sdk" */;
			productName = "FirebaseAuthCombine-Community";
		};
		14E18B132FAB55FD0026F772 /* FirebaseCore */ = {
			isa = XCSwiftPackageProductDependency;
			package = 14E18B002FAB55FD0026F772 /* XCRemoteSwiftPackageReference "firebase-ios-sdk" */;
			productName = FirebaseCore;
		};
		14E18B152FAB55FD0026F772 /* FirebaseCrashlytics */ = {
			isa = XCSwiftPackageProductDependency;
			package = 14E18B002FAB55FD0026F772 /* XCRemoteSwiftPackageReference "firebase-ios-sdk" */;
			productName = FirebaseCrashlytics;
		};
		14E18B172FAB55FD0026F772 /* FirebaseDatabase */ = {
			isa = XCSwiftPackageProductDependency;
			package = 14E18B002FAB55FD0026F772 /* XCRemoteSwiftPackageReference "firebase-ios-sdk" */;
			productName = FirebaseDatabase;
		};
		14E18B192FAB55FD0026F772 /* FirebaseFirestore */ = {
			isa = XCSwiftPackageProductDependency;
			package = 14E18B002FAB55FD0026F772 /* XCRemoteSwiftPackageReference "firebase-ios-sdk" */;
			productName = FirebaseFirestore;
		};
		14E18B1B2FAB55FD0026F772 /* FirebaseFirestoreCombine-Community */ = {
			isa = XCSwiftPackageProductDependency;
			package = 14E18B002FAB55FD0026F772 /* XCRemoteSwiftPackageReference "firebase-ios-sdk" */;
			productName = "FirebaseFirestoreCombine-Community";
		};
		14E18B1D2FAB55FD0026F772 /* FirebaseFunctions */ = {
			isa = XCSwiftPackageProductDependency;
			package = 14E18B002FAB55FD0026F772 /* XCRemoteSwiftPackageReference "firebase-ios-sdk" */;
			productName = FirebaseFunctions;
		};
		14E18B1F2FAB55FD0026F772 /* FirebaseFunctionsCombine-Community */ = {
			isa = XCSwiftPackageProductDependency;
			package = 14E18B002FAB55FD0026F772 /* XCRemoteSwiftPackageReference "firebase-ios-sdk" */;
			productName = "FirebaseFunctionsCombine-Community";
		};
		14E18B212FAB55FD0026F772 /* FirebaseInAppMessaging-Beta */ = {
			isa = XCSwiftPackageProductDependency;
			package = 14E18B002FAB55FD0026F772 /* XCRemoteSwiftPackageReference "firebase-ios-sdk" */;
			productName = "FirebaseInAppMessaging-Beta";
		};
		14E18B232FAB55FD0026F772 /* FirebaseInstallations */ = {
			isa = XCSwiftPackageProductDependency;
			package = 14E18B002FAB55FD0026F772 /* XCRemoteSwiftPackageReference "firebase-ios-sdk" */;
			productName = FirebaseInstallations;
		};
		14E18B252FAB55FD0026F772 /* FirebaseMLModelDownloader */ = {
			isa = XCSwiftPackageProductDependency;
			package = 14E18B002FAB55FD0026F772 /* XCRemoteSwiftPackageReference "firebase-ios-sdk" */;
			productName = FirebaseMLModelDownloader;
		};
		14E18B272FAB55FD0026F772 /* FirebaseMessaging */ = {
			isa = XCSwiftPackageProductDependency;
			package = 14E18B002FAB55FD0026F772 /* XCRemoteSwiftPackageReference "firebase-ios-sdk" */;
			productName = FirebaseMessaging;
		};
		14E18B292FAB55FD0026F772 /* FirebasePerformance */ = {
			isa = XCSwiftPackageProductDependency;
			package = 14E18B002FAB55FD0026F772 /* XCRemoteSwiftPackageReference "firebase-ios-sdk" */;
			productName = FirebasePerformance;
		};
		14E18B2B2FAB55FD0026F772 /* FirebaseRemoteConfig */ = {
			isa = XCSwiftPackageProductDependency;
			package = 14E18B002FAB55FD0026F772 /* XCRemoteSwiftPackageReference "firebase-ios-sdk" */;
			productName = FirebaseRemoteConfig;
		};
		14E18B2D2FAB55FD0026F772 /* FirebaseStorage */ = {
			isa = XCSwiftPackageProductDependency;
			package = 14E18B002FAB55FD0026F772 /* XCRemoteSwiftPackageReference "firebase-ios-sdk" */;
			productName = FirebaseStorage;
		};
		14E18B2F2FAB55FD0026F772 /* FirebaseStorageCombine-Community */ = {
			isa = XCSwiftPackageProductDependency;
			package = 14E18B002FAB55FD0026F772 /* XCRemoteSwiftPackageReference "firebase-ios-sdk" */;
			productName = "FirebaseStorageCombine-Community";
		};
/* End XCSwiftPackageProductDependency section */
	};
	rootObject = 14C2FFC52FA8C4EF00A512AC /* Project object */;
}
